{
  "name": "test",
  "lockfileVersion": 3,
  "requires": true,
  "packages": {
    "": {
      "dependencies": {
        "ml-regression": "^6.3.0",
        "papaparse": "^5.5.3"
      }
    },
    "node_modules/cheminfo-types": {
      "version": "1.15.0",
      "resolved": "https://registry.npmjs.org/cheminfo-types/-/cheminfo-types-1.15.0.tgz",
      "integrity": "sha512-shv45WN2u0yN9EHH1bisNrv+fy4Cw+eLM5lOoriP67mePrwbHZ1kJqg90C8GEU7K1A8gJsicEoVZHcuBbuul/w==",
      "license": "MIT"
    },
    "node_modules/is-any-array": {
      "version": "2.0.1",
      "resolved": "https://registry.npmjs.org/is-any-array/-/is-any-array-2.0.1.tgz",
      "integrity": "sha512-UtilS7hLRu++wb/WBAw9bNuP1Eg04Ivn1vERJck8zJthEvXCBEBpGR/33u/xLKWEQf95803oalHrVDptcAvFdQ==",
      "license": "MIT"
    },
    "node_modules/median-quickselect": {
      "version": "1.0.1",
      "resolved": "https://registry.npmjs.org/median-quickselect/-/median-quickselect-1.0.1.tgz",
      "integrity": "sha512-/QL9ptNuLsdA68qO+2o10TKCyu621zwwTFdLvtu8rzRNKsn8zvuGoq/vDxECPyELFG8wu+BpyoMR9BnsJqfVZQ==",
      "license": "ISC"
    },
    "node_modules/ml-array-max": {
      "version": "1.2.4",
      "resolved": "https://registry.npmjs.org/ml-array-max/-/ml-array-max-1.2.4.tgz",
      "integrity": "sha512-BlEeg80jI0tW6WaPyGxf5Sa4sqvcyY6lbSn5Vcv44lp1I2GR6AWojfUvLnGTNsIXrZ8uqWmo8VcG1WpkI2ONMQ==",
      "license": "MIT",
      "dependencies": {
        "is-any-array": "^2.0.0"
      }
    },
    "node_modules/ml-array-median": {
      "version": "1.1.6",
      "resolved": "https://registry.npmjs.org/ml-array-median/-/ml-array-median-1.1.6.tgz",
      "integrity": "sha512-V6bV6bTPFRX8v5CaAx/7fuRXC39LLTHfPSVZZafdNaqNz2PFL5zEA7gesjv8dMXh+gwPeUMtB5QPovlTBaa4sw==",
      "license": "MIT",
      "dependencies": {
        "is-any-array": "^2.0.0",
        "median-quickselect": "^1.0.1"
      }
    },
    "node_modules/ml-array-min": {
      "version": "1.2.3",
      "resolved": "https://registry.npmjs.org/ml-array-min/-/ml-array-min-1.2.3.tgz",
      "integrity": "sha512-VcZ5f3VZ1iihtrGvgfh/q0XlMobG6GQ8FsNyQXD3T+IlstDv85g8kfV0xUG1QPRO/t21aukaJowDzMTc7j5V6Q==",
      "license": "MIT",
      "dependencies": {
        "is-any-array": "^2.0.0"
      }
    },
    "node_modules/ml-array-rescale": {
      "version": "1.3.7",
      "resolved": "https://registry.npmjs.org/ml-array-rescale/-/ml-array-rescale-1.3.7.tgz",
      "integrity": "sha512-48NGChTouvEo9KBctDfHC3udWnQKNKEWN0ziELvY3KG25GR5cA8K8wNVzracsqSW1QEkAXjTNx+ycgAv06/1mQ==",
      "license": "MIT",
      "dependencies": {
        "is-any-array": "^2.0.0",
        "ml-array-max": "^1.2.4",
        "ml-array-min": "^1.2.3"
      }
    },
    "node_modules/ml-distance-euclidean": {
      "version": "2.0.0",
      "resolved": "https://registry.npmjs.org/ml-distance-euclidean/-/ml-distance-euclidean-2.0.0.tgz",
      "integrity": "sha512-yC9/2o8QF0A3m/0IXqCTXCzz2pNEzvmcE/9HFKOZGnTjatvBbsn4lWYJkxENkA4Ug2fnYl7PXQxnPi21sgMy/Q==",
      "license": "MIT"
    },
    "node_modules/ml-kernel": {
      "version": "3.0.0",
      "resolved": "https://registry.npmjs.org/ml-kernel/-/ml-kernel-3.0.0.tgz",
      "integrity": "sha512-R+ZR0Kl5xJ7vnxtlDqjZ26xVk7mAw7ctK4NlzRHviBFXxp7keC9+hWirMOdzi2DOQA0t6CaRwjElZ6SdirOmow==",
      "license": "MIT",
      "dependencies": {
        "ml-distance-euclidean": "^2.0.0",
        "ml-kernel-gaussian": "^2.0.2",
        "ml-kernel-polynomial": "^2.0.1",
        "ml-kernel-sigmoid": "^1.0.1",
        "ml-matrix": "^6.1.2"
      }
    },
    "node_modules/ml-kernel-gaussian": {
      "version": "2.0.2",
      "resolved": "https://registry.npmjs.org/ml-kernel-gaussian/-/ml-kernel-gaussian-2.0.2.tgz",
      "integrity": "sha512-5MBrH2g9MBO53I6mcyXvMhyOLsmO2w21+26A1ZV/vYoxqpsov2PWkT8bhdFCEe0kgDupmAb6u81iOID/rhnarA==",
      "license": "MIT",
      "dependencies": {
        "ml-distance-euclidean": "^2.0.0"
      }
    },
    "node_modules/ml-kernel-polynomial": {
      "version": "2.0.1",
      "resolved": "https://registry.npmjs.org/ml-kernel-polynomial/-/ml-kernel-polynomial-2.0.1.tgz",
      "integrity": "sha512-aGDNRPHDiKeJmBxB0L9wTxKNLfp5JytbdRIo5K+FTcmFjkWDe3YZPo6R6wBB5mxaJ5eqTRawzeV4RoIWHbakyQ==",
      "license": "MIT"
    },
    "node_modules/ml-kernel-sigmoid": {
      "version": "1.0.1",
      "resolved": "https://registry.npmjs.org/ml-kernel-sigmoid/-/ml-kernel-sigmoid-1.0.1.tgz",
      "integrity": "sha512-mSbYOSbNQ7GsUAGrHuUHNsLgM3bZGpXkotw/FBdKZD9YMXfVOgQb1LvvvVeSlOR/ZdmX23qqaV0RnKSYWBF8og==",
      "license": "MIT"
    },
    "node_modules/ml-matrix": {
      "version": "6.12.1",
      "resolved": "https://registry.npmjs.org/ml-matrix/-/ml-matrix-6.12.1.tgz",
      "integrity": "sha512-TJ+8eOFdp+INvzR4zAuwBQJznDUfktMtOB6g/hUcGh3rcyjxbz4Te57Pgri8Q9bhSQ7Zys4IYOGhFdnlgeB6Lw==",
      "license": "MIT",
      "dependencies": {
        "is-any-array": "^2.0.1",
        "ml-array-rescale": "^1.3.7"
      }
    },
    "node_modules/ml-regression": {
      "version": "6.3.0",
      "resolved": "https://registry.npmjs.org/ml-regression/-/ml-regression-6.3.0.tgz",
      "integrity": "sha512-+El9r2R80+KMsRabc9gdT/vNO9mt5jWeNEpZ+iEOtdkKWIsnC1fBgRHlDwxUEpfpb3rpsBG6WLs6lMOiihffiw==",
      "license": "MIT",
      "dependencies": {
        "ml-kernel": "^3.0.0",
        "ml-matrix": "^6.12.1",
        "ml-regression-base": "^4.0.0",
        "ml-regression-exponential": "^3.0.2",
        "ml-regression-multivariate-linear": "^2.0.4",
        "ml-regression-polynomial": "^3.0.1",
        "ml-regression-power": "^3.0.0",
        "ml-regression-robust-polynomial": "^3.0.2",
        "ml-regression-simple-linear": "^3.0.1",
        "ml-regression-theil-sen": "^3.0.0"
      }
    },
    "node_modules/ml-regression-base": {
      "version": "4.0.0",
      "resolved": "https://registry.npmjs.org/ml-regression-base/-/ml-regression-base-4.0.0.tgz",
      "integrity": "sha512-V2VjB+K/BcgXaX450xvYw36TLOB+piD9G1pHU3VE+ggQUApsVGkYco6UMQykFOwBydHnDTbOiybH/lwrkqFT4g==",
      "license": "MIT",
      "dependencies": {
        "cheminfo-types": "^1.7.3",
        "is-any-array": "^2.0.1"
      }
    },
    "node_modules/ml-regression-exponential": {
      "version": "3.0.2",
      "resolved": "https://registry.npmjs.org/ml-regression-exponential/-/ml-regression-exponential-3.0.2.tgz",
      "integrity": "sha512-drV4ZSGKMMVNETVa7+/z15Uq9C0F69wNsJbhPvVbERgYRSmoGg+e0X7BYK75TzUvFY8IlYZmvVQOZK334slpbQ==",
      "license": "MIT",
      "dependencies": {
        "ml-regression-base": "^4.0.0",
        "ml-regression-simple-linear": "^3.0.0"
      }
    },
    "node_modules/ml-regression-multivariate-linear": {
      "version": "2.0.4",
      "resolved": "https://registry.npmjs.org/ml-regression-multivariate-linear/-/ml-regression-multivariate-linear-2.0.4.tgz",
      "integrity": "sha512-/vShPAlP+mB7P2mC5TuXwObSJNl/UBI71/bszt9ilTg6yLKy6btDLpAYyJNa6t+JnL5a7q+Yy4dCltfpvqXRIw==",
      "license": "MIT",
      "dependencies": {
        "ml-matrix": "^6.10.1"
      }
    },
    "node_modules/ml-regression-polynomial": {
      "version": "3.0.2",
      "resolved": "https://registry.npmjs.org/ml-regression-polynomial/-/ml-regression-polynomial-3.0.2.tgz",
      "integrity": "sha512-RkHQeviEi7q6d2npCeH9MiRTPsBBqqSeqiWV3yctTFXvYgavy5MkpnCqGElHDb62Y3cTXlNQpmD4T7LA7yfGvw==",
      "license": "MIT",
      "dependencies": {
        "ml-matrix": "^6.12.0",
        "ml-regression-base": "^4.0.0"
      }
    },
    "node_modules/ml-regression-power": {
      "version": "3.0.0",
      "resolved": "https://registry.npmjs.org/ml-regression-power/-/ml-regression-power-3.0.0.tgz",
      "integrity": "sha512-RLCKGVHQy7EdvqjjQfDxQmsk9ZSfAtYBI9cNp62J3gl1a1ZuaCKARSQLd/vgh11ZQCjmUbkjvDwmrhJoi1r5uA==",
      "license": "MIT",
      "dependencies": {
        "ml-regression-base": "^4.0.0",
        "ml-regression-simple-linear": "^3.0.0"
      }
    },
    "node_modules/ml-regression-robust-polynomial": {
      "version": "3.0.2",
      "resolved": "https://registry.npmjs.org/ml-regression-robust-polynomial/-/ml-regression-robust-polynomial-3.0.2.tgz",
      "integrity": "sha512-GVaF1Qa5h6n8URUVpBl70oG/CNhUrdcgEy9Apu665KTU7r+FuuC9MMNKjkpCIUgQ3TG0tRRgfHJ427hkEQ99bA==",
      "license": "MIT",
      "dependencies": {
        "is-any-array": "^2.0.1",
        "ml-matrix": "^6.12.0",
        "ml-regression-base": "^4.0.0"
      }
    },
    "node_modules/ml-regression-simple-linear": {
      "version": "3.0.1",
      "resolved": "https://registry.npmjs.org/ml-regression-simple-linear/-/ml-regression-simple-linear-3.0.1.tgz",
      "integrity": "sha512-SF2oxA+034Co9GVQSFuS3vtACaRAFrEwHi9oX6VTaSY/KtXxseL3d4GApj4jWXMoAgrP7VMoIO1PH0RoZaMR1g==",
      "license": "MIT",
      "dependencies": {
        "cheminfo-types": "^1.7.3",
        "ml-regression-base": "^4.0.0"
      }
    },
    "node_modules/ml-regression-theil-sen": {
      "version": "3.0.0",
      "resolved": "https://registry.npmjs.org/ml-regression-theil-sen/-/ml-regression-theil-sen-3.0.0.tgz",
      "integrity": "sha512-oRI4m/BU71Bp5nyG1REovS0/OCEDoBc+a/9yJR//toiCpu29mFe51sKT5HOyEXdrx8jGPDC4Xnf24TMvfvsxRw==",
      "license": "MIT",
      "dependencies": {
        "ml-array-median": "^1.1.6",
        "ml-regression-base": "^4.0.0"
      }
    },
    "node_modules/papaparse": {
      "version": "5.5.3",
      "resolved": "https://registry.npmjs.org/papaparse/-/papaparse-5.5.3.tgz",
      "integrity": "sha512-5QvjGxYVjxO59MGU2lHVYpRWBBtKHnlIAcSe1uNFCkkptUh63NFRj0FJQm7nR67puEruUci/ZkjmEFrjCAyP4A==",
      "license": "MIT"
    }
  }
}
